lockfileVersion: '9.0'

settings:
  autoInstallPeers: true
  excludeLinksFromLockfile: false

importers:

  .:
    dependencies:
      marked:
        specifier: ^16.2.1
        version: 16.2.1

packages:

  marked@16.2.1:
    resolution: {integrity: sha512-r3UrXED9lMlHF97jJByry90cwrZBBvZmjG1L68oYfuPMW+uDTnuMbyJDymCWwbTE+f+3LhpNDKfpR3a3saFyjA==}
    engines: {node: '>= 20'}
    hasBin: true

snapshots:

  marked@16.2.1: {}
